
Microsoft Visual Studio Solution File, Format Version 12.00
# Visual Studio Version 17
VisualStudioVersion = 17.7.34024.191
MinimumVisualStudioVersion = 10.0.40219.1
Project("{9A19103F-16F7-4668-BE54-9A1E7A4F7556}") = "GoreChess.Api", "GoreChess.Api\GoreChess.Api.csproj", "{3E7FBC7B-EDD6-4A34-BFE0-AF8E5FE89726}"
EndProject
Global
	GlobalSection(SolutionConfigurationPlatforms) = preSolution
		Debug|Any CPU = Debug|Any CPU
		Release|Any CPU = Release|Any CPU
	EndGlobalSection
	GlobalSection(ProjectConfigurationPlatforms) = postSolution
		{3E7FBC7B-EDD6-4A34-BFE0-AF8E5FE89726}.Debug|Any CPU.ActiveCfg = Debug|Any CPU
		{3E7FBC7B-EDD6-4A34-BFE0-AF8E5FE89726}.Debug|Any CPU.Build.0 = Debug|Any CPU
		{3E7FBC7B-EDD6-4A34-BFE0-AF8E5FE89726}.Release|Any CPU.ActiveCfg = Release|Any CPU
		{3E7FBC7B-EDD6-4A34-BFE0-AF8E5FE89726}.Release|Any CPU.Build.0 = Release|Any CPU
	EndGlobalSection
	GlobalSection(SolutionProperties) = preSolution
		HideSolutionNode = FALSE
	EndGlobalSection
	GlobalSection(ExtensibilityGlobals) = postSolution
		SolutionGuid = {4762D525-6735-43FE-A837-E3D8AD3168A2}
	EndGlobalSection
EndGlobal
